
Microsoft Visual Studio Solution File, Format Version 12.00
# Visual Studio Version 17
VisualStudioVersion = 17.11.35303.130
MinimumVisualStudioVersion = 10.0.40219.1
Project("{9A19103F-16F7-4668-BE54-9A1E7A4F7556}") = "SEROTECA_WEB_BACK", "SEROTECA_WEB_BACK.csproj", "{DA09BE78-2978-4FCF-8234-C6C7277EBC9D}"
EndProject
Global
	GlobalSection(SolutionConfigurationPlatforms) = preSolution
		Debug|Any CPU = Debug|Any CPU
		Release|Any CPU = Release|Any CPU
	EndGlobalSection
	GlobalSection(ProjectConfigurationPlatforms) = postSolution
		{DA09BE78-2978-4FCF-8234-C6C7277EBC9D}.Debug|Any CPU.ActiveCfg = Debug|Any CPU
		{DA09BE78-2978-4FCF-8234-C6C7277EBC9D}.Debug|Any CPU.Build.0 = Debug|Any CPU
		{DA09BE78-2978-4FCF-8234-C6C7277EBC9D}.Release|Any CPU.ActiveCfg = Release|Any CPU
		{DA09BE78-2978-4FCF-8234-C6C7277EBC9D}.Release|Any CPU.Build.0 = Release|Any CPU
	EndGlobalSection
	GlobalSection(SolutionProperties) = preSolution
		HideSolutionNode = FALSE
	EndGlobalSection
	GlobalSection(ExtensibilityGlobals) = postSolution
		SolutionGuid = {80C141CA-A9E2-4365-9242-DFA4F5B2C551}
	EndGlobalSection
EndGlobal
